// !$*UTF8*$!
{
	archiveVersion = 1;
	classes = {
	};
	objectVersion = 46;
	objects = {

/* Begin PBXBuildFile section */
		1DDD58160DA1D0A300B32029 /* MainMenu.xib in Resources */ = {isa = PBXBuildFile; fileRef = 1DDD58140DA1D0A300B32029 /* MainMenu.xib */; };
		8D11072B0486CEB800E47090 /* InfoPlist.strings in Resources */ = {isa = PBXBuildFile; fileRef = 089C165CFE840E0CC02AAC07 /* InfoPlist.strings */; };
		8D11072D0486CEB800E47090 /* main.m in Sources */ = {isa = PBXBuildFile; fileRef = 29B97316FDCFA39411CA2CEA /* main.m */; settings = {ATTRIBUTES = (); }; };
		8D11072F0486CEB800E47090 /* Cocoa.framework in Frameworks */ = {isa = PBXBuildFile; fileRef = 1058C7A1FEA54F0111CA2CBB /* Cocoa.framework */; };
		B55686F0120887D00004E0C8 /* CommandWindowController.m in Sources */ = {isa = PBXBuildFile; fileRef = B55686EF120887D00004E0C8 /* CommandWindowController.m */; };
		B55686FD12088A1F0004E0C8 /* CommandWindow.xib in Resources */ = {isa = PBXBuildFile; fileRef = B55686FB12088A1F0004E0C8 /* CommandWindow.xib */; };
		B556871712088CA00004E0C8 /* AppDelegate.m in Sources */ = {isa = PBXBuildFile; fileRef = B556871612088CA00004E0C8 /* AppDelegate.m */; };
		B55687BE120894800004E0C8 /* SocketController.m in Sources */ = {isa = PBXBuildFile; fileRef = B55687BD120894800004E0C8 /* SocketController.m */; };
		B55B0D2C121607B800BFC0CF /* command.xcdatamodel in Sources */ = {isa = PBXBuildFile; fileRef = B55B0D2B121607B800BFC0CF /* command.xcdatamodel */; };
		B58D8C4811F8FF5200568199 /* DarthVader.icns in Resources */ = {isa = PBXBuildFile; fileRef = B58D8C4711F8FF5200568199 /* DarthVader.icns */; };
		B5A26392121D438800EC07F8 /* SettingsModel.m in Sources */ = {isa = PBXBuildFile; fileRef = B5A26391121D438800EC07F8 /* SettingsModel.m */; };
		B5C071C912117C4F004FD43C /* MIDIController.m in Sources */ = {isa = PBXBuildFile; fileRef = B5C071C812117C4F004FD43C /* MIDIController.m */; };
		B5E96255122673A9002A7EDB /* settings_32.png in Resources */ = {isa = PBXBuildFile; fileRef = B5E96254122673A9002A7EDB /* settings_32.png */; };
		B5E9626912267541002A7EDB /* paly_32.png in Resources */ = {isa = PBXBuildFile; fileRef = B5E9626712267541002A7EDB /* paly_32.png */; };
		B5E9626A12267541002A7EDB /* stop_32.png in Resources */ = {isa = PBXBuildFile; fileRef = B5E9626812267541002A7EDB /* stop_32.png */; };
		D916731F156166A6007A5632 /* PYMIDI.framework in CopyFiles */ = {isa = PBXBuildFile; fileRef = D97EEEEA15334AEB006F2DF8 /* PYMIDI.framework */; };
		D9417A7A15334B8C0093EE15 /* PYMIDI.framework in Frameworks */ = {isa = PBXBuildFile; fileRef = D97EEEEA15334AEB006F2DF8 /* PYMIDI.framework */; };
		D95B82AB1531DC6B00D9C0E1 /* Security.framework in Frameworks */ = {isa = PBXBuildFile; fileRef = D95B82AA1531DC6B00D9C0E1 /* Security.framework */; };
		D9863B5315341B920043C141 /* DDAbstractDatabaseLogger.m in Sources */ = {isa = PBXBuildFile; fileRef = D9863B4915341B920043C141 /* DDAbstractDatabaseLogger.m */; };
		D9863B5415341B920043C141 /* DDASLLogger.m in Sources */ = {isa = PBXBuildFile; fileRef = D9863B4B15341B920043C141 /* DDASLLogger.m */; };
		D9863B5515341B920043C141 /* DDFileLogger.m in Sources */ = {isa = PBXBuildFile; fileRef = D9863B4D15341B920043C141 /* DDFileLogger.m */; };
		D9863B5615341B920043C141 /* DDLog.m in Sources */ = {isa = PBXBuildFile; fileRef = D9863B4F15341B920043C141 /* DDLog.m */; };
		D9863B5715341B920043C141 /* DDTTYLogger.m in Sources */ = {isa = PBXBuildFile; fileRef = D9863B5115341B920043C141 /* DDTTYLogger.m */; };
		D9863B5815341B920043C141 /* Extensions in Resources */ = {isa = PBXBuildFile; fileRef = D9863B5215341B920043C141 /* Extensions */; };
		D9A5B23C152F7583005BC265 /* GCDAsyncSocket.m in Sources */ = {isa = PBXBuildFile; fileRef = D9A5B239152F7583005BC265 /* GCDAsyncSocket.m */; };
		D9ABA9F91532129F00A9B5D2 /* SimplePing.m in Sources */ = {isa = PBXBuildFile; fileRef = D9ABA9F81532129F00A9B5D2 /* SimplePing.m */; };
		D9ABA9FC153213D300A9B5D2 /* SimplePingController.m in Sources */ = {isa = PBXBuildFile; fileRef = D9ABA9FB153213D300A9B5D2 /* SimplePingController.m */; };
		D9B6674E152F064800B983DE /* StartCommand.m in Sources */ = {isa = PBXBuildFile; fileRef = D9B6674D152F064800B983DE /* StartCommand.m */; };
		D9B66751152F071400B983DE /* command.sdef in Resources */ = {isa = PBXBuildFile; fileRef = D9B66750152F071400B983DE /* command.sdef */; };
/* End PBXBuildFile section */

/* Begin PBXContainerItemProxy section */
		D97EEEE915334AEB006F2DF8 /* PBXContainerItemProxy */ = {
			isa = PBXContainerItemProxy;
			containerPortal = D97EEEE415334AEA006F2DF8 /* PYMIDI.xcodeproj */;
			proxyType = 2;
			remoteGlobalIDString = D97EEE6C15333766006F2DF8;
			remoteInfo = PYMIDI;
		};
		D97EEEEB15334AEB006F2DF8 /* PBXContainerItemProxy */ = {
			isa = PBXContainerItemProxy;
			containerPortal = D97EEEE415334AEA006F2DF8 /* PYMIDI.xcodeproj */;
			proxyType = 2;
			remoteGlobalIDString = D97EEE8415333766006F2DF8;
			remoteInfo = PYMIDITests;
		};
/* End PBXContainerItemProxy section */

/* Begin PBXCopyFilesBuildPhase section */
		D97EEEE215334951006F2DF8 /* CopyFiles */ = {
			isa = PBXCopyFilesBuildPhase;
			buildActionMask = 8;
			dstPath = "";
			dstSubfolderSpec = 10;
			files = (
				D916731F156166A6007A5632 /* PYMIDI.framework in CopyFiles */,
			);
			runOnlyForDeploymentPostprocessing = 1;
		};
/* End PBXCopyFilesBuildPhase section */

/* Begin PBXFileReference section */
		089C165DFE840E0CC02AAC07 /* English */ = {isa = PBXFileReference; fileEncoding = 4; lastKnownFileType = text.plist.strings; name = English; path = English.lproj/InfoPlist.strings; sourceTree = "<group>"; };
		1058C7A1FEA54F0111CA2CBB /* Cocoa.framework */ = {isa = PBXFileReference; lastKnownFileType = wrapper.framework; name = Cocoa.framework; path = /System/Library/Frameworks/Cocoa.framework; sourceTree = "<absolute>"; };
		13E42FB307B3F0F600E4EEF1 /* CoreData.framework */ = {isa = PBXFileReference; lastKnownFileType = wrapper.framework; name = CoreData.framework; path = /System/Library/Frameworks/CoreData.framework; sourceTree = "<absolute>"; };
		1DDD58150DA1D0A300B32029 /* English */ = {isa = PBXFileReference; lastKnownFileType = file.xib; name = English; path = English.lproj/MainMenu.xib; sourceTree = "<group>"; };
		256AC3F00F4B6AF500CF3369 /* command_Prefix.pch */ = {isa = PBXFileReference; fileEncoding = 4; lastKnownFileType = sourcecode.c.h; path = command_Prefix.pch; sourceTree = "<group>"; };
		29B97316FDCFA39411CA2CEA /* main.m */ = {isa = PBXFileReference; fileEncoding = 4; lastKnownFileType = sourcecode.c.objc; path = main.m; sourceTree = "<group>"; };
		29B97324FDCFA39411CA2CEA /* AppKit.framework */ = {isa = PBXFileReference; lastKnownFileType = wrapper.framework; name = AppKit.framework; path = /System/Library/Frameworks/AppKit.framework; sourceTree = "<absolute>"; };
		29B97325FDCFA39411CA2CEA /* Foundation.framework */ = {isa = PBXFileReference; lastKnownFileType = wrapper.framework; name = Foundation.framework; path = /System/Library/Frameworks/Foundation.framework; sourceTree = "<absolute>"; };
		8D1107310486CEB800E47090 /* command-Info.plist */ = {isa = PBXFileReference; fileEncoding = 4; lastKnownFileType = text.plist.xml; path = "command-Info.plist"; sourceTree = "<group>"; };
		8D1107320486CEB800E47090 /* command.app */ = {isa = PBXFileReference; explicitFileType = wrapper.application; includeInIndex = 0; path = command.app; sourceTree = BUILT_PRODUCTS_DIR; };
		B54B6E2B12159C7D00874457 /* common.h */ = {isa = PBXFileReference; fileEncoding = 4; lastKnownFileType = sourcecode.c.h; path = common.h; sourceTree = "<group>"; };
		B55686EE120887D00004E0C8 /* CommandWindowController.h */ = {isa = PBXFileReference; fileEncoding = 4; lastKnownFileType = sourcecode.c.h; path = CommandWindowController.h; sourceTree = "<group>"; };
		B55686EF120887D00004E0C8 /* CommandWindowController.m */ = {isa = PBXFileReference; fileEncoding = 4; lastKnownFileType = sourcecode.c.objc; path = CommandWindowController.m; sourceTree = "<group>"; };
		B55686FC12088A1F0004E0C8 /* English */ = {isa = PBXFileReference; lastKnownFileType = file.xib; name = English; path = English.lproj/CommandWindow.xib; sourceTree = "<group>"; };
		B556871512088CA00004E0C8 /* AppDelegate.h */ = {isa = PBXFileReference; fileEncoding = 4; lastKnownFileType = sourcecode.c.h; path = AppDelegate.h; sourceTree = "<group>"; };
		B556871612088CA00004E0C8 /* AppDelegate.m */ = {isa = PBXFileReference; fileEncoding = 4; lastKnownFileType = sourcecode.c.objc; path = AppDelegate.m; sourceTree = "<group>"; };
		B55687BC120894800004E0C8 /* SocketController.h */ = {isa = PBXFileReference; fileEncoding = 4; lastKnownFileType = sourcecode.c.h; path = SocketController.h; sourceTree = "<group>"; };
		B55687BD120894800004E0C8 /* SocketController.m */ = {isa = PBXFileReference; fileEncoding = 4; lastKnownFileType = sourcecode.c.objc; path = SocketController.m; sourceTree = "<group>"; };
		B55B0D2B121607B800BFC0CF /* command.xcdatamodel */ = {isa = PBXFileReference; fileEncoding = 4; lastKnownFileType = wrapper.xcdatamodel; path = command.xcdatamodel; sourceTree = "<group>"; };
		B57D08A0120C5321004B42BA /* CoreMIDI.framework */ = {isa = PBXFileReference; lastKnownFileType = wrapper.framework; name = CoreMIDI.framework; path = System/Library/Frameworks/CoreMIDI.framework; sourceTree = SDKROOT; };
		B58D8C4711F8FF5200568199 /* DarthVader.icns */ = {isa = PBXFileReference; lastKnownFileType = image.icns; path = DarthVader.icns; sourceTree = "<group>"; };
		B5A26390121D438800EC07F8 /* SettingsModel.h */ = {isa = PBXFileReference; fileEncoding = 4; lastKnownFileType = sourcecode.c.h; path = SettingsModel.h; sourceTree = "<group>"; };
		B5A26391121D438800EC07F8 /* SettingsModel.m */ = {isa = PBXFileReference; fileEncoding = 4; lastKnownFileType = sourcecode.c.objc; path = SettingsModel.m; sourceTree = "<group>"; };
		B5C071C712117C4F004FD43C /* MIDIController.h */ = {isa = PBXFileReference; fileEncoding = 4; lastKnownFileType = sourcecode.c.h; path = MIDIController.h; sourceTree = "<group>"; };
		B5C071C812117C4F004FD43C /* MIDIController.m */ = {isa = PBXFileReference; fileEncoding = 4; lastKnownFileType = sourcecode.c.objc; path = MIDIController.m; sourceTree = "<group>"; };
		B5E96254122673A9002A7EDB /* settings_32.png */ = {isa = PBXFileReference; lastKnownFileType = image.png; path = settings_32.png; sourceTree = "<group>"; };
		B5E9626712267541002A7EDB /* paly_32.png */ = {isa = PBXFileReference; lastKnownFileType = image.png; path = paly_32.png; sourceTree = "<group>"; };
		B5E9626812267541002A7EDB /* stop_32.png */ = {isa = PBXFileReference; lastKnownFileType = image.png; path = stop_32.png; sourceTree = "<group>"; };
		B5EDC136122BBB6E00C784AC /* CommandWindowControllerDelegate.h */ = {isa = PBXFileReference; fileEncoding = 4; lastKnownFileType = sourcecode.c.h; path = CommandWindowControllerDelegate.h; sourceTree = "<group>"; };
		D95B82AA1531DC6B00D9C0E1 /* Security.framework */ = {isa = PBXFileReference; lastKnownFileType = wrapper.framework; name = Security.framework; path = System/Library/Frameworks/Security.framework; sourceTree = SDKROOT; };
		D97A9E2B152F0CA600FC9E0E /* debug.h */ = {isa = PBXFileReference; fileEncoding = 4; lastKnownFileType = sourcecode.c.h; path = debug.h; sourceTree = "<group>"; };
		D97EEEE415334AEA006F2DF8 /* PYMIDI.xcodeproj */ = {isa = PBXFileReference; lastKnownFileType = "wrapper.pb-project"; name = PYMIDI.xcodeproj; path = ../../../../../Shared/Source/github/iromu/pymidi/xcode/PYMIDI.xcodeproj; sourceTree = "<group>"; };
		D9863B4815341B920043C141 /* DDAbstractDatabaseLogger.h */ = {isa = PBXFileReference; fileEncoding = 4; lastKnownFileType = sourcecode.c.h; name = DDAbstractDatabaseLogger.h; path = /Users/wantez/Dropbox/Proyectos/QCvideoSync/command/../../../../../Shared/Source/github/robbiehanson/CocoaLumberjack/LumberJack/DDAbstractDatabaseLogger.h; sourceTree = "<absolute>"; };
		D9863B4915341B920043C141 /* DDAbstractDatabaseLogger.m */ = {isa = PBXFileReference; fileEncoding = 4; lastKnownFileType = sourcecode.c.objc; name = DDAbstractDatabaseLogger.m; path = /Users/wantez/Dropbox/Proyectos/QCvideoSync/command/../../../../../Shared/Source/github/robbiehanson/CocoaLumberjack/LumberJack/DDAbstractDatabaseLogger.m; sourceTree = "<absolute>"; };
		D9863B4A15341B920043C141 /* DDASLLogger.h */ = {isa = PBXFileReference; fileEncoding = 4; lastKnownFileType = sourcecode.c.h; name = DDASLLogger.h; path = /Users/wantez/Dropbox/Proyectos/QCvideoSync/command/../../../../../Shared/Source/github/robbiehanson/CocoaLumberjack/LumberJack/DDASLLogger.h; sourceTree = "<absolute>"; };
		D9863B4B15341B920043C141 /* DDASLLogger.m */ = {isa = PBXFileReference; fileEncoding = 4; lastKnownFileType = sourcecode.c.objc; name = DDASLLogger.m; path = /Users/wantez/Dropbox/Proyectos/QCvideoSync/command/../../../../../Shared/Source/github/robbiehanson/CocoaLumberjack/LumberJack/DDASLLogger.m; sourceTree = "<absolute>"; };
		D9863B4C15341B920043C141 /* DDFileLogger.h */ = {isa = PBXFileReference; fileEncoding = 4; lastKnownFileType = sourcecode.c.h; name = DDFileLogger.h; path = /Users/wantez/Dropbox/Proyectos/QCvideoSync/command/../../../../../Shared/Source/github/robbiehanson/CocoaLumberjack/LumberJack/DDFileLogger.h; sourceTree = "<absolute>"; };
		D9863B4D15341B920043C141 /* DDFileLogger.m */ = {isa = PBXFileReference; fileEncoding = 4; lastKnownFileType = sourcecode.c.objc; name = DDFileLogger.m; path = /Users/wantez/Dropbox/Proyectos/QCvideoSync/command/../../../../../Shared/Source/github/robbiehanson/CocoaLumberjack/LumberJack/DDFileLogger.m; sourceTree = "<absolute>"; };
		D9863B4E15341B920043C141 /* DDLog.h */ = {isa = PBXFileReference; fileEncoding = 4; lastKnownFileType = sourcecode.c.h; name = DDLog.h; path = /Users/wantez/Dropbox/Proyectos/QCvideoSync/command/../../../../../Shared/Source/github/robbiehanson/CocoaLumberjack/LumberJack/DDLog.h; sourceTree = "<absolute>"; };
		D9863B4F15341B920043C141 /* DDLog.m */ = {isa = PBXFileReference; fileEncoding = 4; lastKnownFileType = sourcecode.c.objc; name = DDLog.m; path = /Users/wantez/Dropbox/Proyectos/QCvideoSync/command/../../../../../Shared/Source/github/robbiehanson/CocoaLumberjack/LumberJack/DDLog.m; sourceTree = "<absolute>"; };
		D9863B5015341B920043C141 /* DDTTYLogger.h */ = {isa = PBXFileReference; fileEncoding = 4; lastKnownFileType = sourcecode.c.h; name = DDTTYLogger.h; path = /Users/wantez/Dropbox/Proyectos/QCvideoSync/command/../../../../../Shared/Source/github/robbiehanson/CocoaLumberjack/LumberJack/DDTTYLogger.h; sourceTree = "<absolute>"; };
		D9863B5115341B920043C141 /* DDTTYLogger.m */ = {isa = PBXFileReference; fileEncoding = 4; lastKnownFileType = sourcecode.c.objc; name = DDTTYLogger.m; path = /Users/wantez/Dropbox/Proyectos/QCvideoSync/command/../../../../../Shared/Source/github/robbiehanson/CocoaLumberjack/LumberJack/DDTTYLogger.m; sourceTree = "<absolute>"; };
		D9863B5215341B920043C141 /* Extensions */ = {isa = PBXFileReference; lastKnownFileType = folder; name = Extensions; path = /Users/wantez/Dropbox/Proyectos/QCvideoSync/command/../../../../../Shared/Source/github/robbiehanson/CocoaLumberjack/LumberJack/Extensions; sourceTree = "<absolute>"; };
		D9A5B238152F7583005BC265 /* GCDAsyncSocket.h */ = {isa = PBXFileReference; fileEncoding = 4; lastKnownFileType = sourcecode.c.h; name = GCDAsyncSocket.h; path = ../../../../../Shared/Source/CocoaAsyncSocket/GCD/GCDAsyncSocket.h; sourceTree = "<group>"; };
		D9A5B239152F7583005BC265 /* GCDAsyncSocket.m */ = {isa = PBXFileReference; fileEncoding = 4; lastKnownFileType = sourcecode.c.objc; name = GCDAsyncSocket.m; path = ../../../../../Shared/Source/CocoaAsyncSocket/GCD/GCDAsyncSocket.m; sourceTree = "<group>"; };
		D9ABA9F71532129F00A9B5D2 /* SimplePing.h */ = {isa = PBXFileReference; fileEncoding = 4; lastKnownFileType = sourcecode.c.h; path = SimplePing.h; sourceTree = "<group>"; };
		D9ABA9F81532129F00A9B5D2 /* SimplePing.m */ = {isa = PBXFileReference; fileEncoding = 4; lastKnownFileType = sourcecode.c.objc; path = SimplePing.m; sourceTree = "<group>"; };
		D9ABA9FA153213D300A9B5D2 /* SimplePingController.h */ = {isa = PBXFileReference; fileEncoding = 4; lastKnownFileType = sourcecode.c.h; path = SimplePingController.h; sourceTree = "<group>"; };
		D9ABA9FB153213D300A9B5D2 /* SimplePingController.m */ = {isa = PBXFileReference; fileEncoding = 4; lastKnownFileType = sourcecode.c.objc; path = SimplePingController.m; sourceTree = "<group>"; };
		D9B6674C152F064800B983DE /* StartCommand.h */ = {isa = PBXFileReference; fileEncoding = 4; lastKnownFileType = sourcecode.c.h; path = StartCommand.h; sourceTree = "<group>"; };
		D9B6674D152F064800B983DE /* StartCommand.m */ = {isa = PBXFileReference; fileEncoding = 4; lastKnownFileType = sourcecode.c.objc; path = StartCommand.m; sourceTree = "<group>"; };
		D9B66750152F071400B983DE /* command.sdef */ = {isa = PBXFileReference; fileEncoding = 4; lastKnownFileType = text.xml; path = command.sdef; sourceTree = "<group>"; };
/* End PBXFileReference section */

/* Begin PBXFrameworksBuildPhase section */
		8D11072E0486CEB800E47090 /* Frameworks */ = {
			isa = PBXFrameworksBuildPhase;
			buildActionMask = 2147483647;
			files = (
				D9417A7A15334B8C0093EE15 /* PYMIDI.framework in Frameworks */,
				D95B82AB1531DC6B00D9C0E1 /* Security.framework in Frameworks */,
				8D11072F0486CEB800E47090 /* Cocoa.framework in Frameworks */,
			);
			runOnlyForDeploymentPostprocessing = 0;
		};
/* End PBXFrameworksBuildPhase section */

/* Begin PBXGroup section */
		080E96DDFE201D6D7F000001 /* Classes */ = {
			isa = PBXGroup;
			children = (
				B55686EE120887D00004E0C8 /* CommandWindowController.h */,
				B55686EF120887D00004E0C8 /* CommandWindowController.m */,
				B556871512088CA00004E0C8 /* AppDelegate.h */,
				B556871612088CA00004E0C8 /* AppDelegate.m */,
				B55687BC120894800004E0C8 /* SocketController.h */,
				B55687BD120894800004E0C8 /* SocketController.m */,
				B5C071C712117C4F004FD43C /* MIDIController.h */,
				B5C071C812117C4F004FD43C /* MIDIController.m */,
				B5A26390121D438800EC07F8 /* SettingsModel.h */,
				B5A26391121D438800EC07F8 /* SettingsModel.m */,
				D9B6674C152F064800B983DE /* StartCommand.h */,
				D9B6674D152F064800B983DE /* StartCommand.m */,
				D9ABA9F71532129F00A9B5D2 /* SimplePing.h */,
				D9ABA9F81532129F00A9B5D2 /* SimplePing.m */,
				D9ABA9FA153213D300A9B5D2 /* SimplePingController.h */,
				D9ABA9FB153213D300A9B5D2 /* SimplePingController.m */,
			);
			name = Classes;
			sourceTree = "<group>";
		};
		1058C7A0FEA54F0111CA2CBB /* Linked Frameworks */ = {
			isa = PBXGroup;
			children = (
				D95B82AA1531DC6B00D9C0E1 /* Security.framework */,
				B57D08A0120C5321004B42BA /* CoreMIDI.framework */,
				1058C7A1FEA54F0111CA2CBB /* Cocoa.framework */,
			);
			name = "Linked Frameworks";
			sourceTree = "<group>";
		};
		1058C7A2FEA54F0111CA2CBB /* Other Frameworks */ = {
			isa = PBXGroup;
			children = (
				29B97324FDCFA39411CA2CEA /* AppKit.framework */,
				13E42FB307B3F0F600E4EEF1 /* CoreData.framework */,
				29B97325FDCFA39411CA2CEA /* Foundation.framework */,
			);
			name = "Other Frameworks";
			sourceTree = "<group>";
		};
		19C28FACFE9D520D11CA2CBB /* Products */ = {
			isa = PBXGroup;
			children = (
				8D1107320486CEB800E47090 /* command.app */,
			);
			name = Products;
			sourceTree = "<group>";
		};
		29B97314FDCFA39411CA2CEA /* command */ = {
			isa = PBXGroup;
			children = (
				D9863B5915341B9A0043C141 /* Logging */,
				D97EEEE415334AEA006F2DF8 /* PYMIDI.xcodeproj */,
				D9A5B23F152F758C005BC265 /* TCP */,
				B5EDC135122BBB4300C784AC /* Protocols */,
				080E96DDFE201D6D7F000001 /* Classes */,
				29B97315FDCFA39411CA2CEA /* Other Sources */,
				29B97317FDCFA39411CA2CEA /* Resources */,
				29B97323FDCFA39411CA2CEA /* Frameworks */,
				19C28FACFE9D520D11CA2CBB /* Products */,
			);
			name = command;
			sourceTree = "<group>";
		};
		29B97315FDCFA39411CA2CEA /* Other Sources */ = {
			isa = PBXGroup;
			children = (
				256AC3F00F4B6AF500CF3369 /* command_Prefix.pch */,
				29B97316FDCFA39411CA2CEA /* main.m */,
				B54B6E2B12159C7D00874457 /* common.h */,
				D97A9E2B152F0CA600FC9E0E /* debug.h */,
			);
			name = "Other Sources";
			sourceTree = "<group>";
		};
		29B97317FDCFA39411CA2CEA /* Resources */ = {
			isa = PBXGroup;
			children = (
				D9B66750152F071400B983DE /* command.sdef */,
				B5E9626712267541002A7EDB /* paly_32.png */,
				B5E9626812267541002A7EDB /* stop_32.png */,
				B5E96254122673A9002A7EDB /* settings_32.png */,
				B55B0D2B121607B800BFC0CF /* command.xcdatamodel */,
				B55686FB12088A1F0004E0C8 /* CommandWindow.xib */,
				B58D8C4711F8FF5200568199 /* DarthVader.icns */,
				8D1107310486CEB800E47090 /* command-Info.plist */,
				089C165CFE840E0CC02AAC07 /* InfoPlist.strings */,
				1DDD58140DA1D0A300B32029 /* MainMenu.xib */,
			);
			name = Resources;
			sourceTree = "<group>";
		};
		29B97323FDCFA39411CA2CEA /* Frameworks */ = {
			isa = PBXGroup;
			children = (
				1058C7A0FEA54F0111CA2CBB /* Linked Frameworks */,
				1058C7A2FEA54F0111CA2CBB /* Other Frameworks */,
			);
			name = Frameworks;
			sourceTree = "<group>";
		};
		B5EDC135122BBB4300C784AC /* Protocols */ = {
			isa = PBXGroup;
			children = (
				B5EDC136122BBB6E00C784AC /* CommandWindowControllerDelegate.h */,
			);
			name = Protocols;
			sourceTree = "<group>";
		};
		D97EEEE515334AEA006F2DF8 /* Products */ = {
			isa = PBXGroup;
			children = (
				D97EEEEA15334AEB006F2DF8 /* PYMIDI.framework */,
				D97EEEEC15334AEB006F2DF8 /* PYMIDITests.octest */,
			);
			name = Products;
			sourceTree = "<group>";
		};
		D9863B5915341B9A0043C141 /* Logging */ = {
			isa = PBXGroup;
			children = (
				D9863B4815341B920043C141 /* DDAbstractDatabaseLogger.h */,
				D9863B4915341B920043C141 /* DDAbstractDatabaseLogger.m */,
				D9863B4A15341B920043C141 /* DDASLLogger.h */,
				D9863B4B15341B920043C141 /* DDASLLogger.m */,
				D9863B4C15341B920043C141 /* DDFileLogger.h */,
				D9863B4D15341B920043C141 /* DDFileLogger.m */,
				D9863B4E15341B920043C141 /* DDLog.h */,
				D9863B4F15341B920043C141 /* DDLog.m */,
				D9863B5015341B920043C141 /* DDTTYLogger.h */,
				D9863B5115341B920043C141 /* DDTTYLogger.m */,
				D9863B5215341B920043C141 /* Extensions */,
			);
			name = Logging;
			path = /Users/wantez/Dropbox/Proyectos/QCvideoSync/command;
			sourceTree = "<absolute>";
		};
		D9A5B23F152F758C005BC265 /* TCP */ = {
			isa = PBXGroup;
			children = (
				D9A5B238152F7583005BC265 /* GCDAsyncSocket.h */,
				D9A5B239152F7583005BC265 /* GCDAsyncSocket.m */,
			);
			name = TCP;
			sourceTree = "<group>";
		};
/* End PBXGroup section */

/* Begin PBXNativeTarget section */
		8D1107260486CEB800E47090 /* command */ = {
			isa = PBXNativeTarget;
			buildConfigurationList = C01FCF4A08A954540054247B /* Build configuration list for PBXNativeTarget "command" */;
			buildPhases = (
				8D1107290486CEB800E47090 /* Resources */,
				8D11072C0486CEB800E47090 /* Sources */,
				8D11072E0486CEB800E47090 /* Frameworks */,
				D97EEEE215334951006F2DF8 /* CopyFiles */,
			);
			buildRules = (
			);
			dependencies = (
			);
			name = command;
			productInstallPath = "$(HOME)/Applications";
			productName = command;
			productReference = 8D1107320486CEB800E47090 /* command.app */;
			productType = "com.apple.product-type.application";
		};
/* End PBXNativeTarget section */

/* Begin PBXProject section */
		29B97313FDCFA39411CA2CEA /* Project object */ = {
			isa = PBXProject;
			attributes = {
				LastUpgradeCheck = 0430;
				ORGANIZATIONNAME = "Ivan Rodriguez Murillo";
			};
			buildConfigurationList = C01FCF4E08A954540054247B /* Build configuration list for PBXProject "command" */;
			compatibilityVersion = "Xcode 3.2";
			developmentRegion = English;
			hasScannedForEncodings = 1;
			knownRegions = (
				en,
			);
			mainGroup = 29B97314FDCFA39411CA2CEA /* command */;
			projectDirPath = "";
			projectReferences = (
				{
					ProductGroup = D97EEEE515334AEA006F2DF8 /* Products */;
					ProjectRef = D97EEEE415334AEA006F2DF8 /* PYMIDI.xcodeproj */;
				},
			);
			projectRoot = "";
			targets = (
				8D1107260486CEB800E47090 /* command */,
			);
		};
/* End PBXProject section */

/* Begin PBXReferenceProxy section */
		D97EEEEA15334AEB006F2DF8 /* PYMIDI.framework */ = {
			isa = PBXReferenceProxy;
			fileType = wrapper.framework;
			path = PYMIDI.framework;
			remoteRef = D97EEEE915334AEB006F2DF8 /* PBXContainerItemProxy */;
			sourceTree = BUILT_PRODUCTS_DIR;
		};
		D97EEEEC15334AEB006F2DF8 /* PYMIDITests.octest */ = {
			isa = PBXReferenceProxy;
			fileType = wrapper.cfbundle;
			path = PYMIDITests.octest;
			remoteRef = D97EEEEB15334AEB006F2DF8 /* PBXContainerItemProxy */;
			sourceTree = BUILT_PRODUCTS_DIR;
		};
/* End PBXReferenceProxy section */

/* Begin PBXResourcesBuildPhase section */
		8D1107290486CEB800E47090 /* Resources */ = {
			isa = PBXResourcesBuildPhase;
			buildActionMask = 2147483647;
			files = (
				8D11072B0486CEB800E47090 /* InfoPlist.strings in Resources */,
				1DDD58160DA1D0A300B32029 /* MainMenu.xib in Resources */,
				B58D8C4811F8FF5200568199 /* DarthVader.icns in Resources */,
				B55686FD12088A1F0004E0C8 /* CommandWindow.xib in Resources */,
				B5E96255122673A9002A7EDB /* settings_32.png in Resources */,
				B5E9626912267541002A7EDB /* paly_32.png in Resources */,
				B5E9626A12267541002A7EDB /* stop_32.png in Resources */,
				D9B66751152F071400B983DE /* command.sdef in Resources */,
				D9863B5815341B920043C141 /* Extensions in Resources */,
			);
			runOnlyForDeploymentPostprocessing = 0;
		};
/* End PBXResourcesBuildPhase section */

/* Begin PBXSourcesBuildPhase section */
		8D11072C0486CEB800E47090 /* Sources */ = {
			isa = PBXSourcesBuildPhase;
			buildActionMask = 2147483647;
			files = (
				8D11072D0486CEB800E47090 /* main.m in Sources */,
				B55686F0120887D00004E0C8 /* CommandWindowController.m in Sources */,
				B556871712088CA00004E0C8 /* AppDelegate.m in Sources */,
				B55687BE120894800004E0C8 /* SocketController.m in Sources */,
				B5C071C912117C4F004FD43C /* MIDIController.m in Sources */,
				B55B0D2C121607B800BFC0CF /* command.xcdatamodel in Sources */,
				B5A26392121D438800EC07F8 /* SettingsModel.m in Sources */,
				D9B6674E152F064800B983DE /* StartCommand.m in Sources */,
				D9A5B23C152F7583005BC265 /* GCDAsyncSocket.m in Sources */,
				D9ABA9F91532129F00A9B5D2 /* SimplePing.m in Sources */,
				D9ABA9FC153213D300A9B5D2 /* SimplePingController.m in Sources */,
				D9863B5315341B920043C141 /* DDAbstractDatabaseLogger.m in Sources */,
				D9863B5415341B920043C141 /* DDASLLogger.m in Sources */,
				D9863B5515341B920043C141 /* DDFileLogger.m in Sources */,
				D9863B5615341B920043C141 /* DDLog.m in Sources */,
				D9863B5715341B920043C141 /* DDTTYLogger.m in Sources */,
			);
			runOnlyForDeploymentPostprocessing = 0;
		};
/* End PBXSourcesBuildPhase section */

/* Begin PBXVariantGroup section */
		089C165CFE840E0CC02AAC07 /* InfoPlist.strings */ = {
			isa = PBXVariantGroup;
			children = (
				089C165DFE840E0CC02AAC07 /* English */,
			);
			name = InfoPlist.strings;
			sourceTree = "<group>";
		};
		1DDD58140DA1D0A300B32029 /* MainMenu.xib */ = {
			isa = PBXVariantGroup;
			children = (
				1DDD58150DA1D0A300B32029 /* English */,
			);
			name = MainMenu.xib;
			sourceTree = "<group>";
		};
		B55686FB12088A1F0004E0C8 /* CommandWindow.xib */ = {
			isa = PBXVariantGroup;
			children = (
				B55686FC12088A1F0004E0C8 /* English */,
			);
			name = CommandWindow.xib;
			sourceTree = "<group>";
		};
/* End PBXVariantGroup section */

/* Begin XCBuildConfiguration section */
		C01FCF4B08A954540054247B /* Debug */ = {
			isa = XCBuildConfiguration;
			buildSettings = {
				ALWAYS_SEARCH_USER_PATHS = NO;
				CLANG_ENABLE_OBJC_ARC = YES;
				COPY_PHASE_STRIP = NO;
				FRAMEWORK_SEARCH_PATHS = (
					"$(inherited)",
					"\"$(SRCROOT)/../../../../../Shared/Source/github/iromu/pymidi/build/PYMIDI 09-04-12 17.59/Library/Frameworks\"",
					"\"$(SRCROOT)/../../../../Library/Developer/Xcode/DerivedData/PYMIDI-bhcrdzzomzaigggmverxjgpzuluw/Build/Products/Debug\"",
				);
				GCC_DYNAMIC_NO_PIC = NO;
				GCC_MODEL_TUNING = G5;
				GCC_OPTIMIZATION_LEVEL = 0;
				GCC_PRECOMPILE_PREFIX_HEADER = YES;
				GCC_PREFIX_HEADER = command_Prefix.pch;
				GCC_VERSION = com.apple.compilers.llvm.clang.1_0;
				INFOPLIST_FILE = "command-Info.plist";
				INSTALL_PATH = "$(HOME)/Applications";
				PRODUCT_NAME = command;
			};
			name = Debug;
		};
		C01FCF4C08A954540054247B /* Release */ = {
			isa = XCBuildConfiguration;
			buildSettings = {
				ALWAYS_SEARCH_USER_PATHS = NO;
				CLANG_ENABLE_OBJC_ARC = YES;
				DEBUG_INFORMATION_FORMAT = "dwarf-with-dsym";
				FRAMEWORK_SEARCH_PATHS = (
					"$(inherited)",
					"\"$(SRCROOT)/../../../../../Shared/Source/github/iromu/pymidi/build/PYMIDI 09-04-12 17.59/Library/Frameworks\"",
					"\"$(SRCROOT)/../../../../Library/Developer/Xcode/DerivedData/PYMIDI-bhcrdzzomzaigggmverxjgpzuluw/Build/Products/Debug\"",
				);
				GCC_MODEL_TUNING = G5;
				GCC_PRECOMPILE_PREFIX_HEADER = YES;
				GCC_PREFIX_HEADER = command_Prefix.pch;
				GCC_VERSION = com.apple.compilers.llvm.clang.1_0;
				INFOPLIST_FILE = "command-Info.plist";
				INSTALL_PATH = "$(HOME)/Applications";
				PRODUCT_NAME = command;
			};
			name = Release;
		};
		C01FCF4F08A954540054247B /* Debug */ = {
			isa = XCBuildConfiguration;
			buildSettings = {
				ALWAYS_SEARCH_USER_PATHS = YES;
				ARCHS = "$(ARCHS_STANDARD_64_BIT)";
				GCC_C_LANGUAGE_STANDARD = gnu99;
				GCC_ENABLE_OBJC_GC = unsupported;
				GCC_OPTIMIZATION_LEVEL = 0;
				"GCC_PREPROCESSOR_DEFINITIONS[arch=*]" = "DEBUG=1";
				GCC_WARN_ABOUT_RETURN_TYPE = YES;
				GCC_WARN_CHECK_SWITCH_STATEMENTS = YES;
				GCC_WARN_UNUSED_VARIABLE = YES;
				HEADER_SEARCH_PATHS = .;
				ONLY_ACTIVE_ARCH = YES;
				SDKROOT = macosx;
				USER_HEADER_SEARCH_PATHS = .;
			};
			name = Debug;
		};
		C01FCF5008A954540054247B /* Release */ = {
			isa = XCBuildConfiguration;
			buildSettings = {
				ALWAYS_SEARCH_USER_PATHS = YES;
				ARCHS = "$(ARCHS_STANDARD_64_BIT)";
				GCC_C_LANGUAGE_STANDARD = gnu99;
				GCC_ENABLE_OBJC_GC = unsupported;
				"GCC_PREPROCESSOR_DEFINITIONS[arch=*]" = "RELEASE=1";
				GCC_WARN_ABOUT_RETURN_TYPE = YES;
				GCC_WARN_CHECK_SWITCH_STATEMENTS = YES;
				GCC_WARN_UNUSED_VARIABLE = YES;
				HEADER_SEARCH_PATHS = .;
				SDKROOT = macosx;
				USER_HEADER_SEARCH_PATHS = .;
			};
			name = Release;
		};
/* End XCBuildConfiguration section */

/* Begin XCConfigurationList section */
		C01FCF4A08A954540054247B /* Build configuration list for PBXNativeTarget "command" */ = {
			isa = XCConfigurationList;
			buildConfigurations = (
				C01FCF4B08A954540054247B /* Debug */,
				C01FCF4C08A954540054247B /* Release */,
			);
			defaultConfigurationIsVisible = 0;
			defaultConfigurationName = Release;
		};
		C01FCF4E08A954540054247B /* Build configuration list for PBXProject "command" */ = {
			isa = XCConfigurationList;
			buildConfigurations = (
				C01FCF4F08A954540054247B /* Debug */,
				C01FCF5008A954540054247B /* Release */,
			);
			defaultConfigurationIsVisible = 0;
			defaultConfigurationName = Release;
		};
/* End XCConfigurationList section */
	};
	rootObject = 29B97313FDCFA39411CA2CEA /* Project object */;
}
